<?xml version="1.0" encoding="utf-8"?>
<Project ToolsVersion="4.0" xmlns="http://schemas.microsoft.com/developer/msbuild/2003">
  <ItemGroup>
    <Filter Include="Source Files">
      <UniqueIdentifier>{4FC737F1-C7A5-4376-A066-2A32D752A2FF}</UniqueIdentifier>
      <Extensions>cpp;c;cc;cxx;c++;cppm;ixx;def;odl;idl;hpj;bat;asm;asmx</Extensions>
    </Filter>
    <Filter Include="Header Files">
      <UniqueIdentifier>{93995380-89BD-4b04-88EB-625FBE52EBFB}</UniqueIdentifier>
      <Extensions>h;hh;hpp;hxx;h++;hm;inl;inc;ipp;xsd</Extensions>
    </Filter>
    <Filter Include="Resource Files">
      <UniqueIdentifier>{67DA6AB6-F800-4c08-8B7A-83BB121AAD01}</UniqueIdentifier>
      <Extensions>rc;ico;cur;bmp;dlg;rc2;rct;bin;rgs;gif;jpg;jpeg;jpe;resx;tiff;tif;png;wav;mfcribbon-ms</Extensions>
    </Filter>
  </ItemGroup>
  <ItemGroup>
    <ClInclude Include="tool\shader.h">
      <Filter>Header Files</Filter>
    </ClInclude>
    <ClInclude Include="tool\texture.h">
      <Filter>Header Files</Filter>
    </ClInclude>
    <ClInclude Include="game.h">
      <Filter>Header Files</Filter>
    </ClInclude>
    <ClInclude Include="program.h">
      <Filter>Header Files</Filter>
    </ClInclude>
    <ClInclude Include="tool\resource_manager.h">
      <Filter>Header Files</Filter>
    </ClInclude>
    <ClInclude Include="renderer\sprite_renderer.h">
      <Filter>Header Files</Filter>
    </ClInclude>
    <ClInclude Include="vendor\stb_image.h">
      <Filter>Header Files</Filter>
    </ClInclude>
    <ClInclude Include="tool\debug.h">
      <Filter>Header Files</Filter>
    </ClInclude>
    <ClInclude Include="renderer\sprite_Traigle_renderer.h">
      <Filter>Header Files</Filter>
    </ClInclude>
    <ClInclude Include="tool\header.h">
      <Filter>Header Files</Filter>
    </ClInclude>
    <ClInclude Include="gameobject\game_object.h">
      <Filter>Header Files</Filter>
    </ClInclude>
    <ClInclude Include="level\game_level.h">
      <Filter>Header Files</Filter>
    </ClInclude>
    <ClInclude Include="gameobject\ball_object.h">
      <Filter>Header Files</Filter>
    </ClInclude>
    <ClInclude Include="Window\window.h">
      <Filter>Header Files</Filter>
    </ClInclude>
    <ClInclude Include="Collision\collision.h">
      <Filter>Header Files</Filter>
    </ClInclude>
    <ClInclude Include="post\particle_generator.h">
      <Filter>Header Files</Filter>
    </ClInclude>
    <ClInclude Include="post\post_processor.h">
      <Filter>Header Files</Filter>
    </ClInclude>
    <ClInclude Include="gameobject\power_up.h">
      <Filter>Header Files</Filter>
    </ClInclude>
    <ClInclude Include="renderer\text_renderer.h">
      <Filter>Header Files</Filter>
    </ClInclude>
  </ItemGroup>
  <ItemGroup>
    <ClCompile Include="tool\shader.cpp">
      <Filter>Source Files</Filter>
    </ClCompile>
    <ClCompile Include="tool\texture.cpp">
      <Filter>Source Files</Filter>
    </ClCompile>
    <ClCompile Include="game.cpp">
      <Filter>Source Files</Filter>
    </ClCompile>
    <ClCompile Include="vendor\glad.c">
      <Filter>Source Files</Filter>
    </ClCompile>
    <ClCompile Include="program.cpp">
      <Filter>Source Files</Filter>
    </ClCompile>
    <ClCompile Include="tool\resource_manager.cpp">
      <Filter>Source Files</Filter>
    </ClCompile>
    <ClCompile Include="renderer\sprite_renderer.cpp">
      <Filter>Source Files</Filter>
    </ClCompile>
    <ClCompile Include="tool\debug.cpp">
      <Filter>Source Files</Filter>
    </ClCompile>
    <ClCompile Include="renderer\sprite_Traigle_renderer.cpp">
      <Filter>Source Files</Filter>
    </ClCompile>
    <ClCompile Include="gameobject\game_object.cpp">
      <Filter>Source Files</Filter>
    </ClCompile>
    <ClCompile Include="level\game_level.cpp">
      <Filter>Source Files</Filter>
    </ClCompile>
    <ClCompile Include="gameobject\ball_object.cpp">
      <Filter>Source Files</Filter>
    </ClCompile>
    <ClCompile Include="Window\window.cpp">
      <Filter>Source Files</Filter>
    </ClCompile>
    <ClCompile Include="Collision\collision.cpp">
      <Filter>Source Files</Filter>
    </ClCompile>
    <ClCompile Include="post\particle_generator.cpp">
      <Filter>Source Files</Filter>
    </ClCompile>
    <ClCompile Include="post\post_processor.cpp">
      <Filter>Source Files</Filter>
    </ClCompile>
    <ClCompile Include="gameobject\power_up.cpp">
      <Filter>Source Files</Filter>
    </ClCompile>
    <ClCompile Include="renderer\text_renderer.cpp">
      <Filter>Source Files</Filter>
    </ClCompile>
  </ItemGroup>
</Project>